// !$*UTF8*$!
{
	archiveVersion = 1;
	classes = {
	};
	objectVersion = 56;
	objects = {

/* Begin PBXBuildFile section */
		5202EAAF2E610EA70051D955 /* CursoiOSApp.swift in Sources */ = {isa = PBXBuildFile; fileRef = 5202EAAE2E610EA70051D955 /* CursoiOSApp.swift */; };
		5202EAB12E610EA70051D955 /* Exercise1.swift in Sources */ = {isa = PBXBuildFile; fileRef = 5202EAB02E610EA70051D955 /* Exercise1.swift */; };
		5202EAB32E610EB40051D955 /* Assets.xcassets in Resources */ = {isa = PBXBuildFile; fileRef = 5202EAB22E610EB40051D955 /* Assets.xcassets */; };
		5202EAB62E610EB40051D955 /* Preview Assets.xcassets in Resources */ = {isa = PBXBuildFile; fileRef = 5202EAB52E610EB40051D955 /* Preview Assets.xcassets */; };
		5232F2952E627FDA00546D75 /* MainView.swift in Sources */ = {isa = PBXBuildFile; fileRef = 5232F2942E627FDA00546D75 /* MainView.swift */; };
		5232F2982E62804200546D75 /* TextExample.swift in Sources */ = {isa = PBXBuildFile; fileRef = 5232F2972E62804200546D75 /* TextExample.swift */; };
		523522992E7AEFCB00767414 /* MenuView.swift in Sources */ = {isa = PBXBuildFile; fileRef = 523522982E7AEFCB00767414 /* MenuView.swift */; };
		5235229C2E7AF30D00767414 /* IMCView.swift in Sources */ = {isa = PBXBuildFile; fileRef = 5235229B2E7AF30D00767414 /* IMCView.swift */; };
		52D328FA2E68F8B400F85B13 /* LabelExample.swift in Sources */ = {isa = PBXBuildFile; fileRef = 52D328F92E68F8B400F85B13 /* LabelExample.swift */; };
		52D328FC2E68FAE400F85B13 /* ButtonExample.swift in Sources */ = {isa = PBXBuildFile; fileRef = 52D328FB2E68FAE400F85B13 /* ButtonExample.swift */; };
		52D328FE2E68FE3500F85B13 /* TextFieldExample.swift in Sources */ = {isa = PBXBuildFile; fileRef = 52D328FD2E68FE3500F85B13 /* TextFieldExample.swift */; };
		52F5A3882E669A31000D2C46 /* ImageExample.swift in Sources */ = {isa = PBXBuildFile; fileRef = 52F5A3872E669A31000D2C46 /* ImageExample.swift */; };
		EA14725B2EC42F1000074635 /* IMCResult.swift in Sources */ = {isa = PBXBuildFile; fileRef = EA14725A2EC42F1000074635 /* IMCResult.swift */; };
		EA4152B12EC525D400162AFD /* ListExample.swift in Sources */ = {isa = PBXBuildFile; fileRef = EA4152B02EC525D400162AFD /* ListExample.swift */; };
		EA4152B42EC52BE200162AFD /* SuperheroSearcher.swift in Sources */ = {isa = PBXBuildFile; fileRef = EA4152B32EC52BE200162AFD /* SuperheroSearcher.swift */; };
/* End PBXBuildFile section */

/* Begin PBXFileReference section */
		5202EAAB2E610EA70051D955 /* CursoiOS.app */ = {isa = PBXFileReference; explicitFileType = wrapper.application; includeInIndex = 0; path = CursoiOS.app; sourceTree = BUILT_PRODUCTS_DIR; };
		5202EAAE2E610EA70051D955 /* CursoiOSApp.swift */ = {isa = PBXFileReference; lastKnownFileType = sourcecode.swift; path = CursoiOSApp.swift; sourceTree = "<group>"; };
		5202EAB02E610EA70051D955 /* Exercise1.swift */ = {isa = PBXFileReference; lastKnownFileType = sourcecode.swift; path = Exercise1.swift; sourceTree = "<group>"; };
		5202EAB22E610EB40051D955 /* Assets.xcassets */ = {isa = PBXFileReference; lastKnownFileType = folder.assetcatalog; path = Assets.xcassets; sourceTree = "<group>"; };
		5202EAB52E610EB40051D955 /* Preview Assets.xcassets */ = {isa = PBXFileReference; lastKnownFileType = folder.assetcatalog; path = "Preview Assets.xcassets"; sourceTree = "<group>"; };
		5232F2942E627FDA00546D75 /* MainView.swift */ = {isa = PBXFileReference; lastKnownFileType = sourcecode.swift; path = MainView.swift; sourceTree = "<group>"; };
		5232F2972E62804200546D75 /* TextExample.swift */ = {isa = PBXFileReference; lastKnownFileType = sourcecode.swift; path = TextExample.swift; sourceTree = "<group>"; };
		523522982E7AEFCB00767414 /* MenuView.swift */ = {isa = PBXFileReference; lastKnownFileType = sourcecode.swift; path = MenuView.swift; sourceTree = "<group>"; };
		5235229B2E7AF30D00767414 /* IMCView.swift */ = {isa = PBXFileReference; lastKnownFileType = sourcecode.swift; path = IMCView.swift; sourceTree = "<group>"; };
		52D328F92E68F8B400F85B13 /* LabelExample.swift */ = {isa = PBXFileReference; lastKnownFileType = sourcecode.swift; path = LabelExample.swift; sourceTree = "<group>"; };
		52D328FB2E68FAE400F85B13 /* ButtonExample.swift */ = {isa = PBXFileReference; lastKnownFileType = sourcecode.swift; path = ButtonExample.swift; sourceTree = "<group>"; };
		52D328FD2E68FE3500F85B13 /* TextFieldExample.swift */ = {isa = PBXFileReference; lastKnownFileType = sourcecode.swift; path = TextFieldExample.swift; sourceTree = "<group>"; };
		52F5A3872E669A31000D2C46 /* ImageExample.swift */ = {isa = PBXFileReference; lastKnownFileType = sourcecode.swift; path = ImageExample.swift; sourceTree = "<group>"; };
		EA14725A2EC42F1000074635 /* IMCResult.swift */ = {isa = PBXFileReference; lastKnownFileType = sourcecode.swift; path = IMCResult.swift; sourceTree = "<group>"; };
		EA4152B02EC525D400162AFD /* ListExample.swift */ = {isa = PBXFileReference; lastKnownFileType = sourcecode.swift; path = ListExample.swift; sourceTree = "<group>"; };
		EA4152B32EC52BE200162AFD /* SuperheroSearcher.swift */ = {isa = PBXFileReference; lastKnownFileType = sourcecode.swift; path = SuperheroSearcher.swift; sourceTree = "<group>"; };
/* End PBXFileReference section */

/* Begin PBXFrameworksBuildPhase section */
		5202EAA82E610EA70051D955 /* Frameworks */ = {
			isa = PBXFrameworksBuildPhase;
			buildActionMask = 2147483647;
			files = (
			);
			runOnlyForDeploymentPostprocessing = 0;
		};
/* End PBXFrameworksBuildPhase section */

/* Begin PBXGroup section */
		5202EAA22E610EA70051D955 = {
			isa = PBXGroup;
			children = (
				5202EAAD2E610EA70051D955 /* CursoiOS */,
				5202EAAC2E610EA70051D955 /* Products */,
			);
			sourceTree = "<group>";
		};
		5202EAAC2E610EA70051D955 /* Products */ = {
			isa = PBXGroup;
			children = (
				5202EAAB2E610EA70051D955 /* CursoiOS.app */,
			);
			name = Products;
			sourceTree = "<group>";
		};
		5202EAAD2E610EA70051D955 /* CursoiOS */ = {
			isa = PBXGroup;
			children = (
				EA4152B22EC52BCA00162AFD /* Superhero */,
				5235229A2E7AF2F700767414 /* IMC */,
				5232F2962E627FF800546D75 /* Components */,
				5232F2932E627F5D00546D75 /* Exercises */,
				5202EAAE2E610EA70051D955 /* CursoiOSApp.swift */,
				5202EAB22E610EB40051D955 /* Assets.xcassets */,
				5202EAB42E610EB40051D955 /* Preview Content */,
				5232F2942E627FDA00546D75 /* MainView.swift */,
				523522982E7AEFCB00767414 /* MenuView.swift */,
			);
			path = CursoiOS;
			sourceTree = "<group>";
		};
		5202EAB42E610EB40051D955 /* Preview Content */ = {
			isa = PBXGroup;
			children = (
				5202EAB52E610EB40051D955 /* Preview Assets.xcassets */,
			);
			path = "Preview Content";
			sourceTree = "<group>";
		};
		5232F2932E627F5D00546D75 /* Exercises */ = {
			isa = PBXGroup;
			children = (
				5202EAB02E610EA70051D955 /* Exercise1.swift */,
			);
			path = Exercises;
			sourceTree = "<group>";
		};
		5232F2962E627FF800546D75 /* Components */ = {
			isa = PBXGroup;
			children = (
				5232F2972E62804200546D75 /* TextExample.swift */,
				52F5A3872E669A31000D2C46 /* ImageExample.swift */,
				52D328F92E68F8B400F85B13 /* LabelExample.swift */,
				52D328FB2E68FAE400F85B13 /* ButtonExample.swift */,
				52D328FD2E68FE3500F85B13 /* TextFieldExample.swift */,
				EA4152B02EC525D400162AFD /* ListExample.swift */,
			);
			path = Components;
			sourceTree = "<group>";
		};
		5235229A2E7AF2F700767414 /* IMC */ = {
			isa = PBXGroup;
			children = (
				5235229B2E7AF30D00767414 /* IMCView.swift */,
				EA14725A2EC42F1000074635 /* IMCResult.swift */,
			);
			path = IMC;
			sourceTree = "<group>";
		};
		EA4152B22EC52BCA00162AFD /* Superhero */ = {
			isa = PBXGroup;
			children = (
				EA4152B32EC52BE200162AFD /* SuperheroSearcher.swift */,
			);
			path = Superhero;
			sourceTree = "<group>";
		};
/* End PBXGroup section */

/* Begin PBXNativeTarget section */
		5202EAAA2E610EA70051D955 /* CursoiOS */ = {
			isa = PBXNativeTarget;
			buildConfigurationList = 5202EAB92E610EB40051D955 /* Build configuration list for PBXNativeTarget "CursoiOS" */;
			buildPhases = (
				5202EAA72E610EA70051D955 /* Sources */,
				5202EAA82E610EA70051D955 /* Frameworks */,
				5202EAA92E610EA70051D955 /* Resources */,
			);
			buildRules = (
			);
			dependencies = (
			);
			name = CursoiOS;
			productName = CursoiOS;
			productReference = 5202EAAB2E610EA70051D955 /* CursoiOS.app */;
			productType = "com.apple.product-type.application";
		};
/* End PBXNativeTarget section */

/* Begin PBXProject section */
		5202EAA32E610EA70051D955 /* Project object */ = {
			isa = PBXProject;
			attributes = {
				BuildIndependentTargetsInParallel = 1;
				LastSwiftUpdateCheck = 1420;
				LastUpgradeCheck = 1420;
				TargetAttributes = {
					5202EAAA2E610EA70051D955 = {
						CreatedOnToolsVersion = 14.2;
					};
				};
			};
			buildConfigurationList = 5202EAA62E610EA70051D955 /* Build configuration list for PBXProject "CursoiOS" */;
			compatibilityVersion = "Xcode 14.0";
			developmentRegion = en;
			hasScannedForEncodings = 0;
			knownRegions = (
				en,
				Base,
			);
			mainGroup = 5202EAA22E610EA70051D955;
			productRefGroup = 5202EAAC2E610EA70051D955 /* Products */;
			projectDirPath = "";
			projectRoot = "";
			targets = (
				5202EAAA2E610EA70051D955 /* CursoiOS */,
			);
		};
/* End PBXProject section */

/* Begin PBXResourcesBuildPhase section */
		5202EAA92E610EA70051D955 /* Resources */ = {
			isa = PBXResourcesBuildPhase;
			buildActionMask = 2147483647;
			files = (
				5202EAB62E610EB40051D955 /* Preview Assets.xcassets in Resources */,
				5202EAB32E610EB40051D955 /* Assets.xcassets in Resources */,
			);
			runOnlyForDeploymentPostprocessing = 0;
		};
/* End PBXResourcesBuildPhase section */

/* Begin PBXSourcesBuildPhase section */
		5202EAA72E610EA70051D955 /* Sources */ = {
			isa = PBXSourcesBuildPhase;
			buildActionMask = 2147483647;
			files = (
				5202EAB12E610EA70051D955 /* Exercise1.swift in Sources */,
				52D328FC2E68FAE400F85B13 /* ButtonExample.swift in Sources */,
				52D328FA2E68F8B400F85B13 /* LabelExample.swift in Sources */,
				5232F2982E62804200546D75 /* TextExample.swift in Sources */,
				EA4152B42EC52BE200162AFD /* SuperheroSearcher.swift in Sources */,
				EA4152B12EC525D400162AFD /* ListExample.swift in Sources */,
				EA14725B2EC42F1000074635 /* IMCResult.swift in Sources */,
				523522992E7AEFCB00767414 /* MenuView.swift in Sources */,
				5232F2952E627FDA00546D75 /* MainView.swift in Sources */,
				52F5A3882E669A31000D2C46 /* ImageExample.swift in Sources */,
				52D328FE2E68FE3500F85B13 /* TextFieldExample.swift in Sources */,
				5235229C2E7AF30D00767414 /* IMCView.swift in Sources */,
				5202EAAF2E610EA70051D955 /* CursoiOSApp.swift in Sources */,
			);
			runOnlyForDeploymentPostprocessing = 0;
		};
/* End PBXSourcesBuildPhase section */

/* Begin XCBuildConfiguration section */
		5202EAB72E610EB40051D955 /* Debug */ = {
			isa = XCBuildConfiguration;
			buildSettings = {
				ALWAYS_SEARCH_USER_PATHS = NO;
				CLANG_ANALYZER_NONNULL = YES;
				CLANG_ANALYZER_NUMBER_OBJECT_CONVERSION = YES_AGGRESSIVE;
				CLANG_CXX_LANGUAGE_STANDARD = "gnu++20";
				CLANG_ENABLE_MODULES = YES;
				CLANG_ENABLE_OBJC_ARC = YES;
				CLANG_ENABLE_OBJC_WEAK = YES;
				CLANG_WARN_BLOCK_CAPTURE_AUTORELEASING = YES;
				CLANG_WARN_BOOL_CONVERSION = YES;
				CLANG_WARN_COMMA = YES;
				CLANG_WARN_CONSTANT_CONVERSION = YES;
				CLANG_WARN_DEPRECATED_OBJC_IMPLEMENTATIONS = YES;
				CLANG_WARN_DIRECT_OBJC_ISA_USAGE = YES_ERROR;
				CLANG_WARN_DOCUMENTATION_COMMENTS = YES;
				CLANG_WARN_EMPTY_BODY = YES;
				CLANG_WARN_ENUM_CONVERSION = YES;
				CLANG_WARN_INFINITE_RECURSION = YES;
				CLANG_WARN_INT_CONVERSION = YES;
				CLANG_WARN_NON_LITERAL_NULL_CONVERSION = YES;
				CLANG_WARN_OBJC_IMPLICIT_RETAIN_SELF = YES;
				CLANG_WARN_OBJC_LITERAL_CONVERSION = YES;
				CLANG_WARN_OBJC_ROOT_CLASS = YES_ERROR;
				CLANG_WARN_QUOTED_INCLUDE_IN_FRAMEWORK_HEADER = YES;
				CLANG_WARN_RANGE_LOOP_ANALYSIS = YES;
				CLANG_WARN_STRICT_PROTOTYPES = YES;
				CLANG_WARN_SUSPICIOUS_MOVE = YES;
				CLANG_WARN_UNGUARDED_AVAILABILITY = YES_AGGRESSIVE;
				CLANG_WARN_UNREACHABLE_CODE = YES;
				CLANG_WARN__DUPLICATE_METHOD_MATCH = YES;
				COPY_PHASE_STRIP = NO;
				DEBUG_INFORMATION_FORMAT = dwarf;
				ENABLE_STRICT_OBJC_MSGSEND = YES;
				ENABLE_TESTABILITY = YES;
				GCC_C_LANGUAGE_STANDARD = gnu11;
				GCC_DYNAMIC_NO_PIC = NO;
				GCC_NO_COMMON_BLOCKS = YES;
				GCC_OPTIMIZATION_LEVEL = 0;
				GCC_PREPROCESSOR_DEFINITIONS = (
					"DEBUG=1",
					"$(inherited)",
				);
				GCC_WARN_64_TO_32_BIT_CONVERSION = YES;
				GCC_WARN_ABOUT_RETURN_TYPE = YES_ERROR;
				GCC_WARN_UNDECLARED_SELECTOR = YES;
				GCC_WARN_UNINITIALIZED_AUTOS = YES_AGGRESSIVE;
				GCC_WARN_UNUSED_FUNCTION = YES;
				GCC_WARN_UNUSED_VARIABLE = YES;
				IPHONEOS_DEPLOYMENT_TARGET = 16.2;
				MTL_ENABLE_DEBUG_INFO = INCLUDE_SOURCE;
				MTL_FAST_MATH = YES;
				ONLY_ACTIVE_ARCH = YES;
				SDKROOT = iphoneos;
				SWIFT_ACTIVE_COMPILATION_CONDITIONS = DEBUG;
				SWIFT_OPTIMIZATION_LEVEL = "-Onone";
			};
			name = Debug;
		};
		5202EAB82E610EB40051D955 /* Release */ = {
			isa = XCBuildConfiguration;
			buildSettings = {
				ALWAYS_SEARCH_USER_PATHS = NO;
				CLANG_ANALYZER_NONNULL = YES;
				CLANG_ANALYZER_NUMBER_OBJECT_CONVERSION = YES_AGGRESSIVE;
				CLANG_CXX_LANGUAGE_STANDARD = "gnu++20";
				CLANG_ENABLE_MODULES = YES;
				CLANG_ENABLE_OBJC_ARC = YES;
				CLANG_ENABLE_OBJC_WEAK = YES;
				CLANG_WARN_BLOCK_CAPTURE_AUTORELEASING = YES;
				CLANG_WARN_BOOL_CONVERSION = YES;
				CLANG_WARN_COMMA = YES;
				CLANG_WARN_CONSTANT_CONVERSION = YES;
				CLANG_WARN_DEPRECATED_OBJC_IMPLEMENTATIONS = YES;
				CLANG_WARN_DIRECT_OBJC_ISA_USAGE = YES_ERROR;
				CLANG_WARN_DOCUMENTATION_COMMENTS = YES;
				CLANG_WARN_EMPTY_BODY = YES;
				CLANG_WARN_ENUM_CONVERSION = YES;
				CLANG_WARN_INFINITE_RECURSION = YES;
				CLANG_WARN_INT_CONVERSION = YES;
				CLANG_WARN_NON_LITERAL_NULL_CONVERSION = YES;
				CLANG_WARN_OBJC_IMPLICIT_RETAIN_SELF = YES;
				CLANG_WARN_OBJC_LITERAL_CONVERSION = YES;
				CLANG_WARN_OBJC_ROOT_CLASS = YES_ERROR;
				CLANG_WARN_QUOTED_INCLUDE_IN_FRAMEWORK_HEADER = YES;
				CLANG_WARN_RANGE_LOOP_ANALYSIS = YES;
				CLANG_WARN_STRICT_PROTOTYPES = YES;
				CLANG_WARN_SUSPICIOUS_MOVE = YES;
				CLANG_WARN_UNGUARDED_AVAILABILITY = YES_AGGRESSIVE;
				CLANG_WARN_UNREACHABLE_CODE = YES;
				CLANG_WARN__DUPLICATE_METHOD_MATCH = YES;
				COPY_PHASE_STRIP = NO;
				DEBUG_INFORMATION_FORMAT = "dwarf-with-dsym";
				ENABLE_NS_ASSERTIONS = NO;
				ENABLE_STRICT_OBJC_MSGSEND = YES;
				GCC_C_LANGUAGE_STANDARD = gnu11;
				GCC_NO_COMMON_BLOCKS = YES;
				GCC_WARN_64_TO_32_BIT_CONVERSION = YES;
				GCC_WARN_ABOUT_RETURN_TYPE = YES_ERROR;
				GCC_WARN_UNDECLARED_SELECTOR = YES;
				GCC_WARN_UNINITIALIZED_AUTOS = YES_AGGRESSIVE;
				GCC_WARN_UNUSED_FUNCTION = YES;
				GCC_WARN_UNUSED_VARIABLE = YES;
				IPHONEOS_DEPLOYMENT_TARGET = 16.2;
				MTL_ENABLE_DEBUG_INFO = NO;
				MTL_FAST_MATH = YES;
				SDKROOT = iphoneos;
				SWIFT_COMPILATION_MODE = wholemodule;
				SWIFT_OPTIMIZATION_LEVEL = "-O";
				VALIDATE_PRODUCT = YES;
			};
			name = Release;
		};
		5202EABA2E610EB40051D955 /* Debug */ = {
			isa = XCBuildConfiguration;
			buildSettings = {
				ASSETCATALOG_COMPILER_APPICON_NAME = AppIcon;
				ASSETCATALOG_COMPILER_GLOBAL_ACCENT_COLOR_NAME = AccentColor;
				CODE_SIGN_STYLE = Automatic;
				CURRENT_PROJECT_VERSION = 1;
				DEVELOPMENT_ASSET_PATHS = "\"CursoiOS/Preview Content\"";
				ENABLE_PREVIEWS = YES;
				GENERATE_INFOPLIST_FILE = YES;
				INFOPLIST_KEY_UIApplicationSceneManifest_Generation = YES;
				INFOPLIST_KEY_UIApplicationSupportsIndirectInputEvents = YES;
				INFOPLIST_KEY_UILaunchScreen_Generation = YES;
				INFOPLIST_KEY_UISupportedInterfaceOrientations_iPad = "UIInterfaceOrientationPortrait UIInterfaceOrientationPortraitUpsideDown UIInterfaceOrientationLandscapeLeft UIInterfaceOrientationLandscapeRight";
				INFOPLIST_KEY_UISupportedInterfaceOrientations_iPhone = "UIInterfaceOrientationPortrait UIInterfaceOrientationLandscapeLeft UIInterfaceOrientationLandscapeRight";
				LD_RUNPATH_SEARCH_PATHS = (
					"$(inherited)",
					"@executable_path/Frameworks",
				);
				MARKETING_VERSION = 1.0;
				PRODUCT_BUNDLE_IDENTIFIER = dev.imyisus.CursoiOS;
				PRODUCT_NAME = "$(TARGET_NAME)";
				SWIFT_EMIT_LOC_STRINGS = YES;
				SWIFT_VERSION = 5.0;
				TARGETED_DEVICE_FAMILY = "1,2";
			};
			name = Debug;
		};
		5202EABB2E610EB40051D955 /* Release */ = {
			isa = XCBuildConfiguration;
			buildSettings = {
				ASSETCATALOG_COMPILER_APPICON_NAME = AppIcon;
				ASSETCATALOG_COMPILER_GLOBAL_ACCENT_COLOR_NAME = AccentColor;
				CODE_SIGN_STYLE = Automatic;
				CURRENT_PROJECT_VERSION = 1;
				DEVELOPMENT_ASSET_PATHS = "\"CursoiOS/Preview Content\"";
				ENABLE_PREVIEWS = YES;
				GENERATE_INFOPLIST_FILE = YES;
				INFOPLIST_KEY_UIApplicationSceneManifest_Generation = YES;
				INFOPLIST_KEY_UIApplicationSupportsIndirectInputEvents = YES;
				INFOPLIST_KEY_UILaunchScreen_Generation = YES;
				INFOPLIST_KEY_UISupportedInterfaceOrientations_iPad = "UIInterfaceOrientationPortrait UIInterfaceOrientationPortraitUpsideDown UIInterfaceOrientationLandscapeLeft UIInterfaceOrientationLandscapeRight";
				INFOPLIST_KEY_UISupportedInterfaceOrientations_iPhone = "UIInterfaceOrientationPortrait UIInterfaceOrientationLandscapeLeft UIInterfaceOrientationLandscapeRight";
				LD_RUNPATH_SEARCH_PATHS = (
					"$(inherited)",
					"@executable_path/Frameworks",
				);
				MARKETING_VERSION = 1.0;
				PRODUCT_BUNDLE_IDENTIFIER = dev.imyisus.CursoiOS;
				PRODUCT_NAME = "$(TARGET_NAME)";
				SWIFT_EMIT_LOC_STRINGS = YES;
				SWIFT_VERSION = 5.0;
				TARGETED_DEVICE_FAMILY = "1,2";
			};
			name = Release;
		};
/* End XCBuildConfiguration section */

/* Begin XCConfigurationList section */
		5202EAA62E610EA70051D955 /* Build configuration list for PBXProject "CursoiOS" */ = {
			isa = XCConfigurationList;
			buildConfigurations = (
				5202EAB72E610EB40051D955 /* Debug */,
				5202EAB82E610EB40051D955 /* Release */,
			);
			defaultConfigurationIsVisible = 0;
			defaultConfigurationName = Release;
		};
		5202EAB92E610EB40051D955 /* Build configuration list for PBXNativeTarget "CursoiOS" */ = {
			isa = XCConfigurationList;
			buildConfigurations = (
				5202EABA2E610EB40051D955 /* Debug */,
				5202EABB2E610EB40051D955 /* Release */,
			);
			defaultConfigurationIsVisible = 0;
			defaultConfigurationName = Release;
		};
/* End XCConfigurationList section */
	};
	rootObject = 5202EAA32E610EA70051D955 /* Project object */;
}
